
Microsoft Visual Studio Solution File, Format Version 12.00
# Visual Studio Version 16
VisualStudioVersion = 16.0.810.9
MinimumVisualStudioVersion = 10.0.40219.1
Project("{F2A71F9B-5D33-465A-A702-920D77279786}") = "unit6", "unit6.fsproj", "{0A093585-60B0-4000-BA8F-384EB68079CA}"
EndProject
Global
	GlobalSection(SolutionConfigurationPlatforms) = preSolution
		Debug|Any CPU = Debug|Any CPU
		Release|Any CPU = Release|Any CPU
	EndGlobalSection
	GlobalSection(ProjectConfigurationPlatforms) = postSolution
		{0A093585-60B0-4000-BA8F-384EB68079CA}.Debug|Any CPU.ActiveCfg = Debug|Any CPU
		{0A093585-60B0-4000-BA8F-384EB68079CA}.Debug|Any CPU.Build.0 = Debug|Any CPU
		{0A093585-60B0-4000-BA8F-384EB68079CA}.Release|Any CPU.ActiveCfg = Release|Any CPU
		{0A093585-60B0-4000-BA8F-384EB68079CA}.Release|Any CPU.Build.0 = Release|Any CPU
	EndGlobalSection
	GlobalSection(SolutionProperties) = preSolution
		HideSolutionNode = FALSE
	EndGlobalSection
	GlobalSection(ExtensibilityGlobals) = postSolution
		SolutionGuid = {D6485D51-1381-4B64-9228-DC3C614BCCBC}
	EndGlobalSection
EndGlobal
